<?xml version="1.0" encoding="utf-8"?>
<Project ToolsVersion="4.0" xmlns="http://schemas.microsoft.com/developer/msbuild/2003">
  <ItemGroup>
    <Filter Include="소스 파일">
      <UniqueIdentifier>{4FC737F1-C7A5-4376-A066-2A32D752A2FF}</UniqueIdentifier>
      <Extensions>cpp;c;cc;cxx;def;odl;idl;hpj;bat;asm;asmx</Extensions>
    </Filter>
    <Filter Include="리소스 파일">
      <UniqueIdentifier>{67DA6AB6-F800-4c08-8B7A-83BB121AAD01}</UniqueIdentifier>
      <Extensions>rc;ico;cur;bmp;dlg;rc2;rct;bin;rgs;gif;jpg;jpeg;jpe;resx;tiff;tif;png;wav;mfcribbon-ms</Extensions>
    </Filter>
    <Filter Include="소스 파일\Factory">
      <UniqueIdentifier>{41eeb2d3-e693-40b0-bd5e-60bbdd6c4ff0}</UniqueIdentifier>
    </Filter>
    <Filter Include="소스 파일\Factory\_src">
      <UniqueIdentifier>{7cb32627-2051-441a-b3a1-d67bc9098ba3}</UniqueIdentifier>
    </Filter>
    <Filter Include="소스 파일\Component">
      <UniqueIdentifier>{76338237-3da6-4539-8548-e5266df95eb2}</UniqueIdentifier>
    </Filter>
    <Filter Include="소스 파일\Component\_src">
      <UniqueIdentifier>{528ce06e-2d68-473c-874d-2242a3ce5233}</UniqueIdentifier>
    </Filter>
    <Filter Include="소스 파일\Type">
      <UniqueIdentifier>{a19c01fa-14ea-42c1-92a2-4140218f7741}</UniqueIdentifier>
    </Filter>
  </ItemGroup>
  <ItemGroup>
    <ClCompile Include="main.cpp">
      <Filter>소스 파일</Filter>
    </ClCompile>
    <ClCompile Include="Factory\src\Factory.cpp">
      <Filter>소스 파일\Factory\_src</Filter>
    </ClCompile>
    <ClCompile Include="Component\src\Facade.cpp">
      <Filter>소스 파일\Component\_src</Filter>
    </ClCompile>
    <ClCompile Include="Component\src\Map.cpp">
      <Filter>소스 파일\Component\_src</Filter>
    </ClCompile>
    <ClCompile Include="Component\src\Activity.cpp">
      <Filter>소스 파일\Component\_src</Filter>
    </ClCompile>
    <ClCompile Include="Component\src\Unit.cpp">
      <Filter>소스 파일\Component\_src</Filter>
    </ClCompile>
    <ClCompile Include="Component\src\User.cpp">
      <Filter>소스 파일\Component\_src</Filter>
    </ClCompile>
    <ClCompile Include="Factory\src\FactoryUnit.cpp">
      <Filter>소스 파일\Factory\_src</Filter>
    </ClCompile>
  </ItemGroup>
  <ItemGroup>
    <ClInclude Include="Factory\Factory.h">
      <Filter>소스 파일\Factory</Filter>
    </ClInclude>
    <ClInclude Include="Component\Facade.h">
      <Filter>소스 파일\Component</Filter>
    </ClInclude>
    <ClInclude Include="Component\Map.h">
      <Filter>소스 파일\Component</Filter>
    </ClInclude>
    <ClInclude Include="Component\Activity.h">
      <Filter>소스 파일\Component</Filter>
    </ClInclude>
    <ClInclude Include="Component\Unit.h">
      <Filter>소스 파일\Component</Filter>
    </ClInclude>
    <ClInclude Include="Component\User.h">
      <Filter>소스 파일\Component</Filter>
    </ClInclude>
    <ClInclude Include="Type\type.h">
      <Filter>소스 파일\Type</Filter>
    </ClInclude>
    <ClInclude Include="Factory\FactoryUnit.h">
      <Filter>소스 파일\Factory</Filter>
    </ClInclude>
  </ItemGroup>
</Project>